
Microsoft Visual Studio Solution File, Format Version 12.00
# Visual Studio Version 17
VisualStudioVersion = 17.0.31903.59
MinimumVisualStudioVersion = 10.0.40219.1
Project("{FAE04EC0-301F-11D3-BF4B-00C04F79EFBC}") = "PokemonApi.Api", "PokemonApi.Api\PokemonApi.Api.csproj", "{73382DB0-E8DD-422A-9452-135DF635FA9C}"
EndProject
Project("{FAE04EC0-301F-11D3-BF4B-00C04F79EFBC}") = "PokemonApi.Services", "PokemonApi.Services\PokemonApi.Services.csproj", "{88B379C2-4ADD-436C-BADC-73E7513EEA8D}"
EndProject
Project("{FAE04EC0-301F-11D3-BF4B-00C04F79EFBC}") = "PokemonApi.Data", "PokemonApi.Data\PokemonApi.Data.csproj", "{3D2932E3-BF38-48D2-8DA2-6D6A9BCFD2BA}"
EndProject
Project("{FAE04EC0-301F-11D3-BF4B-00C04F79EFBC}") = "PokemonApi.Shared", "PokemonApi.Shared\PokemonApi.Shared.csproj", "{50FC4D3C-FC16-436A-8FE9-BED81BE9312A}"
EndProject
Global
	GlobalSection(SolutionConfigurationPlatforms) = preSolution
		Debug|Any CPU = Debug|Any CPU
		Debug|x64 = Debug|x64
		Debug|x86 = Debug|x86
		Release|Any CPU = Release|Any CPU
		Release|x64 = Release|x64
		Release|x86 = Release|x86
	EndGlobalSection
	GlobalSection(ProjectConfigurationPlatforms) = postSolution
		{73382DB0-E8DD-422A-9452-135DF635FA9C}.Debug|Any CPU.ActiveCfg = Debug|Any CPU
		{73382DB0-E8DD-422A-9452-135DF635FA9C}.Debug|Any CPU.Build.0 = Debug|Any CPU
		{73382DB0-E8DD-422A-9452-135DF635FA9C}.Debug|x64.ActiveCfg = Debug|Any CPU
		{73382DB0-E8DD-422A-9452-135DF635FA9C}.Debug|x64.Build.0 = Debug|Any CPU
		{73382DB0-E8DD-422A-9452-135DF635FA9C}.Debug|x86.ActiveCfg = Debug|Any CPU
		{73382DB0-E8DD-422A-9452-135DF635FA9C}.Debug|x86.Build.0 = Debug|Any CPU
		{73382DB0-E8DD-422A-9452-135DF635FA9C}.Release|Any CPU.ActiveCfg = Release|Any CPU
		{73382DB0-E8DD-422A-9452-135DF635FA9C}.Release|Any CPU.Build.0 = Release|Any CPU
		{73382DB0-E8DD-422A-9452-135DF635FA9C}.Release|x64.ActiveCfg = Release|Any CPU
		{73382DB0-E8DD-422A-9452-135DF635FA9C}.Release|x64.Build.0 = Release|Any CPU
		{73382DB0-E8DD-422A-9452-135DF635FA9C}.Release|x86.ActiveCfg = Release|Any CPU
		{73382DB0-E8DD-422A-9452-135DF635FA9C}.Release|x86.Build.0 = Release|Any CPU
		{88B379C2-4ADD-436C-BADC-73E7513EEA8D}.Debug|Any CPU.ActiveCfg = Debug|Any CPU
		{88B379C2-4ADD-436C-BADC-73E7513EEA8D}.Debug|Any CPU.Build.0 = Debug|Any CPU
		{88B379C2-4ADD-436C-BADC-73E7513EEA8D}.Debug|x64.ActiveCfg = Debug|Any CPU
		{88B379C2-4ADD-436C-BADC-73E7513EEA8D}.Debug|x64.Build.0 = Debug|Any CPU
		{88B379C2-4ADD-436C-BADC-73E7513EEA8D}.Debug|x86.ActiveCfg = Debug|Any CPU
		{88B379C2-4ADD-436C-BADC-73E7513EEA8D}.Debug|x86.Build.0 = Debug|Any CPU
		{88B379C2-4ADD-436C-BADC-73E7513EEA8D}.Release|Any CPU.ActiveCfg = Release|Any CPU
		{88B379C2-4ADD-436C-BADC-73E7513EEA8D}.Release|Any CPU.Build.0 = Release|Any CPU
		{88B379C2-4ADD-436C-BADC-73E7513EEA8D}.Release|x64.ActiveCfg = Release|Any CPU
		{88B379C2-4ADD-436C-BADC-73E7513EEA8D}.Release|x64.Build.0 = Release|Any CPU
		{88B379C2-4ADD-436C-BADC-73E7513EEA8D}.Release|x86.ActiveCfg = Release|Any CPU
		{88B379C2-4ADD-436C-BADC-73E7513EEA8D}.Release|x86.Build.0 = Release|Any CPU
		{3D2932E3-BF38-48D2-8DA2-6D6A9BCFD2BA}.Debug|Any CPU.ActiveCfg = Debug|Any CPU
		{3D2932E3-BF38-48D2-8DA2-6D6A9BCFD2BA}.Debug|Any CPU.Build.0 = Debug|Any CPU
		{3D2932E3-BF38-48D2-8DA2-6D6A9BCFD2BA}.Debug|x64.ActiveCfg = Debug|Any CPU
		{3D2932E3-BF38-48D2-8DA2-6D6A9BCFD2BA}.Debug|x64.Build.0 = Debug|Any CPU
		{3D2932E3-BF38-48D2-8DA2-6D6A9BCFD2BA}.Debug|x86.ActiveCfg = Debug|Any CPU
		{3D2932E3-BF38-48D2-8DA2-6D6A9BCFD2BA}.Debug|x86.Build.0 = Debug|Any CPU
		{3D2932E3-BF38-48D2-8DA2-6D6A9BCFD2BA}.Release|Any CPU.ActiveCfg = Release|Any CPU
		{3D2932E3-BF38-48D2-8DA2-6D6A9BCFD2BA}.Release|Any CPU.Build.0 = Release|Any CPU
		{3D2932E3-BF38-48D2-8DA2-6D6A9BCFD2BA}.Release|x64.ActiveCfg = Release|Any CPU
		{3D2932E3-BF38-48D2-8DA2-6D6A9BCFD2BA}.Release|x64.Build.0 = Release|Any CPU
		{3D2932E3-BF38-48D2-8DA2-6D6A9BCFD2BA}.Release|x86.ActiveCfg = Release|Any CPU
		{3D2932E3-BF38-48D2-8DA2-6D6A9BCFD2BA}.Release|x86.Build.0 = Release|Any CPU
		{50FC4D3C-FC16-436A-8FE9-BED81BE9312A}.Debug|Any CPU.ActiveCfg = Debug|Any CPU
		{50FC4D3C-FC16-436A-8FE9-BED81BE9312A}.Debug|Any CPU.Build.0 = Debug|Any CPU
		{50FC4D3C-FC16-436A-8FE9-BED81BE9312A}.Debug|x64.ActiveCfg = Debug|Any CPU
		{50FC4D3C-FC16-436A-8FE9-BED81BE9312A}.Debug|x64.Build.0 = Debug|Any CPU
		{50FC4D3C-FC16-436A-8FE9-BED81BE9312A}.Debug|x86.ActiveCfg = Debug|Any CPU
		{50FC4D3C-FC16-436A-8FE9-BED81BE9312A}.Debug|x86.Build.0 = Debug|Any CPU
		{50FC4D3C-FC16-436A-8FE9-BED81BE9312A}.Release|Any CPU.ActiveCfg = Release|Any CPU
		{50FC4D3C-FC16-436A-8FE9-BED81BE9312A}.Release|Any CPU.Build.0 = Release|Any CPU
		{50FC4D3C-FC16-436A-8FE9-BED81BE9312A}.Release|x64.ActiveCfg = Release|Any CPU
		{50FC4D3C-FC16-436A-8FE9-BED81BE9312A}.Release|x64.Build.0 = Release|Any CPU
		{50FC4D3C-FC16-436A-8FE9-BED81BE9312A}.Release|x86.ActiveCfg = Release|Any CPU
		{50FC4D3C-FC16-436A-8FE9-BED81BE9312A}.Release|x86.Build.0 = Release|Any CPU
	EndGlobalSection
	GlobalSection(SolutionProperties) = preSolution
		HideSolutionNode = FALSE
	EndGlobalSection
EndGlobal
